// !$*UTF8*$!
{
	archiveVersion = 1;
	classes = {
	};
	objectVersion = 50;
	objects = {

/* Begin PBXBuildFile section */
		509333D221A451E200D77723 /* AppDelegate.m in Sources */ = {isa = PBXBuildFile; fileRef = 509333D121A451E200D77723 /* AppDelegate.m */; };
		509333D521A451E200D77723 /* ViewController.m in Sources */ = {isa = PBXBuildFile; fileRef = 509333D421A451E200D77723 /* ViewController.m */; };
		509333D721A451E600D77723 /* Assets.xcassets in Resources */ = {isa = PBXBuildFile; fileRef = 509333D621A451E600D77723 /* Assets.xcassets */; };
		509333DA21A451E600D77723 /* Main.storyboard in Resources */ = {isa = PBXBuildFile; fileRef = 509333D821A451E600D77723 /* Main.storyboard */; };
		509333DD21A451E600D77723 /* main.m in Sources */ = {isa = PBXBuildFile; fileRef = 509333DC21A451E600D77723 /* main.m */; };
		509333E821A451E700D77723 /* LearnGitDomeTests.m in Sources */ = {isa = PBXBuildFile; fileRef = 509333E721A451E700D77723 /* LearnGitDomeTests.m */; };
		509333F321A451E700D77723 /* LearnGitDomeUITests.m in Sources */ = {isa = PBXBuildFile; fileRef = 509333F221A451E700D77723 /* LearnGitDomeUITests.m */; };
/* End PBXBuildFile section */

/* Begin PBXContainerItemProxy section */
		509333E421A451E700D77723 /* PBXContainerItemProxy */ = {
			isa = PBXContainerItemProxy;
			containerPortal = 509333C521A451E200D77723 /* Project object */;
			proxyType = 1;
			remoteGlobalIDString = 509333CC21A451E200D77723;
			remoteInfo = LearnGitDome;
		};
		509333EF21A451E700D77723 /* PBXContainerItemProxy */ = {
			isa = PBXContainerItemProxy;
			containerPortal = 509333C521A451E200D77723 /* Project object */;
			proxyType = 1;
			remoteGlobalIDString = 509333CC21A451E200D77723;
			remoteInfo = LearnGitDome;
		};
/* End PBXContainerItemProxy section */

/* Begin PBXFileReference section */
		509333CD21A451E200D77723 /* LearnGitDome.app */ = {isa = PBXFileReference; explicitFileType = wrapper.application; includeInIndex = 0; path = LearnGitDome.app; sourceTree = BUILT_PRODUCTS_DIR; };
		509333D021A451E200D77723 /* AppDelegate.h */ = {isa = PBXFileReference; lastKnownFileType = sourcecode.c.h; path = AppDelegate.h; sourceTree = "<group>"; };
		509333D121A451E200D77723 /* AppDelegate.m */ = {isa = PBXFileReference; lastKnownFileType = sourcecode.c.objc; path = AppDelegate.m; sourceTree = "<group>"; };
		509333D321A451E200D77723 /* ViewController.h */ = {isa = PBXFileReference; lastKnownFileType = sourcecode.c.h; path = ViewController.h; sourceTree = "<group>"; };
		509333D421A451E200D77723 /* ViewController.m */ = {isa = PBXFileReference; lastKnownFileType = sourcecode.c.objc; path = ViewController.m; sourceTree = "<group>"; };
		509333D621A451E600D77723 /* Assets.xcassets */ = {isa = PBXFileReference; lastKnownFileType = folder.assetcatalog; path = Assets.xcassets; sourceTree = "<group>"; };
		509333D921A451E600D77723 /* Base */ = {isa = PBXFileReference; lastKnownFileType = file.storyboard; name = Base; path = Base.lproj/Main.storyboard; sourceTree = "<group>"; };
		509333DB21A451E600D77723 /* Info.plist */ = {isa = PBXFileReference; lastKnownFileType = text.plist.xml; path = Info.plist; sourceTree = "<group>"; };
		509333DC21A451E600D77723 /* main.m */ = {isa = PBXFileReference; lastKnownFileType = sourcecode.c.objc; path = main.m; sourceTree = "<group>"; };
		509333DE21A451E600D77723 /* LearnGitDome.entitlements */ = {isa = PBXFileReference; lastKnownFileType = text.plist.entitlements; path = LearnGitDome.entitlements; sourceTree = "<group>"; };
		509333E321A451E700D77723 /* LearnGitDomeTests.xctest */ = {isa = PBXFileReference; explicitFileType = wrapper.cfbundle; includeInIndex = 0; path = LearnGitDomeTests.xctest; sourceTree = BUILT_PRODUCTS_DIR; };
		509333E721A451E700D77723 /* LearnGitDomeTests.m */ = {isa = PBXFileReference; lastKnownFileType = sourcecode.c.objc; path = LearnGitDomeTests.m; sourceTree = "<group>"; };
		509333E921A451E700D77723 /* Info.plist */ = {isa = PBXFileReference; lastKnownFileType = text.plist.xml; path = Info.plist; sourceTree = "<group>"; };
		509333EE21A451E700D77723 /* LearnGitDomeUITests.xctest */ = {isa = PBXFileReference; explicitFileType = wrapper.cfbundle; includeInIndex = 0; path = LearnGitDomeUITests.xctest; sourceTree = BUILT_PRODUCTS_DIR; };
		509333F221A451E700D77723 /* LearnGitDomeUITests.m */ = {isa = PBXFileReference; lastKnownFileType = sourcecode.c.objc; path = LearnGitDomeUITests.m; sourceTree = "<group>"; };
		509333F421A451E700D77723 /* Info.plist */ = {isa = PBXFileReference; lastKnownFileType = text.plist.xml; path = Info.plist; sourceTree = "<group>"; };
/* End PBXFileReference section */

/* Begin PBXFrameworksBuildPhase section */
		509333CA21A451E200D77723 /* Frameworks */ = {
			isa = PBXFrameworksBuildPhase;
			buildActionMask = 2147483647;
			files = (
			);
			runOnlyForDeploymentPostprocessing = 0;
		};
		509333E021A451E700D77723 /* Frameworks */ = {
			isa = PBXFrameworksBuildPhase;
			buildActionMask = 2147483647;
			files = (
			);
			runOnlyForDeploymentPostprocessing = 0;
		};
		509333EB21A451E700D77723 /* Frameworks */ = {
			isa = PBXFrameworksBuildPhase;
			buildActionMask = 2147483647;
			files = (
			);
			runOnlyForDeploymentPostprocessing = 0;
		};
/* End PBXFrameworksBuildPhase section */

/* Begin PBXGroup section */
		509333C421A451E200D77723 = {
			isa = PBXGroup;
			children = (
				509333CF21A451E200D77723 /* LearnGitDome */,
				509333E621A451E700D77723 /* LearnGitDomeTests */,
				509333F121A451E700D77723 /* LearnGitDomeUITests */,
				509333CE21A451E200D77723 /* Products */,
			);
			sourceTree = "<group>";
		};
		509333CE21A451E200D77723 /* Products */ = {
			isa = PBXGroup;
			children = (
				509333CD21A451E200D77723 /* LearnGitDome.app */,
				509333E321A451E700D77723 /* LearnGitDomeTests.xctest */,
				509333EE21A451E700D77723 /* LearnGitDomeUITests.xctest */,
			);
			name = Products;
			sourceTree = "<group>";
		};
		509333CF21A451E200D77723 /* LearnGitDome */ = {
			isa = PBXGroup;
			children = (
				509333D021A451E200D77723 /* AppDelegate.h */,
				509333D121A451E200D77723 /* AppDelegate.m */,
				509333D321A451E200D77723 /* ViewController.h */,
				509333D421A451E200D77723 /* ViewController.m */,
				509333D621A451E600D77723 /* Assets.xcassets */,
				509333D821A451E600D77723 /* Main.storyboard */,
				509333DB21A451E600D77723 /* Info.plist */,
				509333DC21A451E600D77723 /* main.m */,
				509333DE21A451E600D77723 /* LearnGitDome.entitlements */,
			);
			path = LearnGitDome;
			sourceTree = "<group>";
		};
		509333E621A451E700D77723 /* LearnGitDomeTests */ = {
			isa = PBXGroup;
			children = (
				509333E721A451E700D77723 /* LearnGitDomeTests.m */,
				509333E921A451E700D77723 /* Info.plist */,
			);
			path = LearnGitDomeTests;
			sourceTree = "<group>";
		};
		509333F121A451E700D77723 /* LearnGitDomeUITests */ = {
			isa = PBXGroup;
			children = (
				509333F221A451E700D77723 /* LearnGitDomeUITests.m */,
				509333F421A451E700D77723 /* Info.plist */,
			);
			path = LearnGitDomeUITests;
			sourceTree = "<group>";
		};
/* End PBXGroup section */

/* Begin PBXNativeTarget section */
		509333CC21A451E200D77723 /* LearnGitDome */ = {
			isa = PBXNativeTarget;
			buildConfigurationList = 509333F721A451E700D77723 /* Build configuration list for PBXNativeTarget "LearnGitDome" */;
			buildPhases = (
				509333C921A451E200D77723 /* Sources */,
				509333CA21A451E200D77723 /* Frameworks */,
				509333CB21A451E200D77723 /* Resources */,
			);
			buildRules = (
			);
			dependencies = (
			);
			name = LearnGitDome;
			productName = LearnGitDome;
			productReference = 509333CD21A451E200D77723 /* LearnGitDome.app */;
			productType = "com.apple.product-type.application";
		};
		509333E221A451E700D77723 /* LearnGitDomeTests */ = {
			isa = PBXNativeTarget;
			buildConfigurationList = 509333FA21A451E700D77723 /* Build configuration list for PBXNativeTarget "LearnGitDomeTests" */;
			buildPhases = (
				509333DF21A451E700D77723 /* Sources */,
				509333E021A451E700D77723 /* Frameworks */,
				509333E121A451E700D77723 /* Resources */,
			);
			buildRules = (
			);
			dependencies = (
				509333E521A451E700D77723 /* PBXTargetDependency */,
			);
			name = LearnGitDomeTests;
			productName = LearnGitDomeTests;
			productReference = 509333E321A451E700D77723 /* LearnGitDomeTests.xctest */;
			productType = "com.apple.product-type.bundle.unit-test";
		};
		509333ED21A451E700D77723 /* LearnGitDomeUITests */ = {
			isa = PBXNativeTarget;
			buildConfigurationList = 509333FD21A451E700D77723 /* Build configuration list for PBXNativeTarget "LearnGitDomeUITests" */;
			buildPhases = (
				509333EA21A451E700D77723 /* Sources */,
				509333EB21A451E700D77723 /* Frameworks */,
				509333EC21A451E700D77723 /* Resources */,
			);
			buildRules = (
			);
			dependencies = (
				509333F021A451E700D77723 /* PBXTargetDependency */,
			);
			name = LearnGitDomeUITests;
			productName = LearnGitDomeUITests;
			productReference = 509333EE21A451E700D77723 /* LearnGitDomeUITests.xctest */;
			productType = "com.apple.product-type.bundle.ui-testing";
		};
/* End PBXNativeTarget section */

/* Begin PBXProject section */
		509333C521A451E200D77723 /* Project object */ = {
			isa = PBXProject;
			attributes = {
				LastUpgradeCheck = 1010;
				ORGANIZATIONNAME = max;
				TargetAttributes = {
					509333CC21A451E200D77723 = {
						CreatedOnToolsVersion = 10.1;
					};
					509333E221A451E700D77723 = {
						CreatedOnToolsVersion = 10.1;
						TestTargetID = 509333CC21A451E200D77723;
					};
					509333ED21A451E700D77723 = {
						CreatedOnToolsVersion = 10.1;
						TestTargetID = 509333CC21A451E200D77723;
					};
				};
			};
			buildConfigurationList = 509333C821A451E200D77723 /* Build configuration list for PBXProject "LearnGitDome" */;
			compatibilityVersion = "Xcode 9.3";
			developmentRegion = en;
			hasScannedForEncodings = 0;
			knownRegions = (
				en,
				Base,
			);
			mainGroup = 509333C421A451E200D77723;
			productRefGroup = 509333CE21A451E200D77723 /* Products */;
			projectDirPath = "";
			projectRoot = "";
			targets = (
				509333CC21A451E200D77723 /* LearnGitDome */,
				509333E221A451E700D77723 /* LearnGitDomeTests */,
				509333ED21A451E700D77723 /* LearnGitDomeUITests */,
			);
		};
/* End PBXProject section */

/* Begin PBXResourcesBuildPhase section */
		509333CB21A451E200D77723 /* Resources */ = {
			isa = PBXResourcesBuildPhase;
			buildActionMask = 2147483647;
			files = (
				509333D721A451E600D77723 /* Assets.xcassets in Resources */,
				509333DA21A451E600D77723 /* Main.storyboard in Resources */,
			);
			runOnlyForDeploymentPostprocessing = 0;
		};
		509333E121A451E700D77723 /* Resources */ = {
			isa = PBXResourcesBuildPhase;
			buildActionMask = 2147483647;
			files = (
			);
			runOnlyForDeploymentPostprocessing = 0;
		};
		509333EC21A451E700D77723 /* Resources */ = {
			isa = PBXResourcesBuildPhase;
			buildActionMask = 2147483647;
			files = (
			);
			runOnlyForDeploymentPostprocessing = 0;
		};
/* End PBXResourcesBuildPhase section */

/* Begin PBXSourcesBuildPhase section */
		509333C921A451E200D77723 /* Sources */ = {
			isa = PBXSourcesBuildPhase;
			buildActionMask = 2147483647;
			files = (
				509333D521A451E200D77723 /* ViewController.m in Sources */,
				509333DD21A451E600D77723 /* main.m in Sources */,
				509333D221A451E200D77723 /* AppDelegate.m in Sources */,
			);
			runOnlyForDeploymentPostprocessing = 0;
		};
		509333DF21A451E700D77723 /* Sources */ = {
			isa = PBXSourcesBuildPhase;
			buildActionMask = 2147483647;
			files = (
				509333E821A451E700D77723 /* LearnGitDomeTests.m in Sources */,
			);
			runOnlyForDeploymentPostprocessing = 0;
		};
		509333EA21A451E700D77723 /* Sources */ = {
			isa = PBXSourcesBuildPhase;
			buildActionMask = 2147483647;
			files = (
				509333F321A451E700D77723 /* LearnGitDomeUITests.m in Sources */,
			);
			runOnlyForDeploymentPostprocessing = 0;
		};
/* End PBXSourcesBuildPhase section */

/* Begin PBXTargetDependency section */
		509333E521A451E700D77723 /* PBXTargetDependency */ = {
			isa = PBXTargetDependency;
			target = 509333CC21A451E200D77723 /* LearnGitDome */;
			targetProxy = 509333E421A451E700D77723 /* PBXContainerItemProxy */;
		};
		509333F021A451E700D77723 /* PBXTargetDependency */ = {
			isa = PBXTargetDependency;
			target = 509333CC21A451E200D77723 /* LearnGitDome */;
			targetProxy = 509333EF21A451E700D77723 /* PBXContainerItemProxy */;
		};
/* End PBXTargetDependency section */

/* Begin PBXVariantGroup section */
		509333D821A451E600D77723 /* Main.storyboard */ = {
			isa = PBXVariantGroup;
			children = (
				509333D921A451E600D77723 /* Base */,
			);
			name = Main.storyboard;
			sourceTree = "<group>";
		};
/* End PBXVariantGroup section */

/* Begin XCBuildConfiguration section */
		509333F521A451E700D77723 /* Debug */ = {
			isa = XCBuildConfiguration;
			buildSettings = {
				ALWAYS_SEARCH_USER_PATHS = NO;
				CLANG_ANALYZER_NONNULL = YES;
				CLANG_ANALYZER_NUMBER_OBJECT_CONVERSION = YES_AGGRESSIVE;
				CLANG_CXX_LANGUAGE_STANDARD = "gnu++14";
				CLANG_CXX_LIBRARY = "libc++";
				CLANG_ENABLE_MODULES = YES;
				CLANG_ENABLE_OBJC_ARC = YES;
				CLANG_ENABLE_OBJC_WEAK = YES;
				CLANG_WARN_BLOCK_CAPTURE_AUTORELEASING = YES;
				CLANG_WARN_BOOL_CONVERSION = YES;
				CLANG_WARN_COMMA = YES;
				CLANG_WARN_CONSTANT_CONVERSION = YES;
				CLANG_WARN_DEPRECATED_OBJC_IMPLEMENTATIONS = YES;
				CLANG_WARN_DIRECT_OBJC_ISA_USAGE = YES_ERROR;
				CLANG_WARN_DOCUMENTATION_COMMENTS = YES;
				CLANG_WARN_EMPTY_BODY = YES;
				CLANG_WARN_ENUM_CONVERSION = YES;
				CLANG_WARN_INFINITE_RECURSION = YES;
				CLANG_WARN_INT_CONVERSION = YES;
				CLANG_WARN_NON_LITERAL_NULL_CONVERSION = YES;
				CLANG_WARN_OBJC_IMPLICIT_RETAIN_SELF = YES;
				CLANG_WARN_OBJC_LITERAL_CONVERSION = YES;
				CLANG_WARN_OBJC_ROOT_CLASS = YES_ERROR;
				CLANG_WARN_RANGE_LOOP_ANALYSIS = YES;
				CLANG_WARN_STRICT_PROTOTYPES = YES;
				CLANG_WARN_SUSPICIOUS_MOVE = YES;
				CLANG_WARN_UNGUARDED_AVAILABILITY = YES_AGGRESSIVE;
				CLANG_WARN_UNREACHABLE_CODE = YES;
				CLANG_WARN__DUPLICATE_METHOD_MATCH = YES;
				CODE_SIGN_IDENTITY = "-";
				COPY_PHASE_STRIP = NO;
				DEBUG_INFORMATION_FORMAT = dwarf;
				ENABLE_STRICT_OBJC_MSGSEND = YES;
				ENABLE_TESTABILITY = YES;
				GCC_C_LANGUAGE_STANDARD = gnu11;
				GCC_DYNAMIC_NO_PIC = NO;
				GCC_NO_COMMON_BLOCKS = YES;
				GCC_OPTIMIZATION_LEVEL = 0;
				GCC_PREPROCESSOR_DEFINITIONS = (
					"DEBUG=1",
					"$(inherited)",
				);
				GCC_WARN_64_TO_32_BIT_CONVERSION = YES;
				GCC_WARN_ABOUT_RETURN_TYPE = YES_ERROR;
				GCC_WARN_UNDECLARED_SELECTOR = YES;
				GCC_WARN_UNINITIALIZED_AUTOS = YES_AGGRESSIVE;
				GCC_WARN_UNUSED_FUNCTION = YES;
				GCC_WARN_UNUSED_VARIABLE = YES;
				MACOSX_DEPLOYMENT_TARGET = 10.14;
				MTL_ENABLE_DEBUG_INFO = INCLUDE_SOURCE;
				MTL_FAST_MATH = YES;
				ONLY_ACTIVE_ARCH = YES;
				SDKROOT = macosx;
			};
			name = Debug;
		};
		509333F621A451E700D77723 /* Release */ = {
			isa = XCBuildConfiguration;
			buildSettings = {
				ALWAYS_SEARCH_USER_PATHS = NO;
				CLANG_ANALYZER_NONNULL = YES;
				CLANG_ANALYZER_NUMBER_OBJECT_CONVERSION = YES_AGGRESSIVE;
				CLANG_CXX_LANGUAGE_STANDARD = "gnu++14";
				CLANG_CXX_LIBRARY = "libc++";
				CLANG_ENABLE_MODULES = YES;
				CLANG_ENABLE_OBJC_ARC = YES;
				CLANG_ENABLE_OBJC_WEAK = YES;
				CLANG_WARN_BLOCK_CAPTURE_AUTORELEASING = YES;
				CLANG_WARN_BOOL_CONVERSION = YES;
				CLANG_WARN_COMMA = YES;
				CLANG_WARN_CONSTANT_CONVERSION = YES;
				CLANG_WARN_DEPRECATED_OBJC_IMPLEMENTATIONS = YES;
				CLANG_WARN_DIRECT_OBJC_ISA_USAGE = YES_ERROR;
				CLANG_WARN_DOCUMENTATION_COMMENTS = YES;
				CLANG_WARN_EMPTY_BODY = YES;
				CLANG_WARN_ENUM_CONVERSION = YES;
				CLANG_WARN_INFINITE_RECURSION = YES;
				CLANG_WARN_INT_CONVERSION = YES;
				CLANG_WARN_NON_LITERAL_NULL_CONVERSION = YES;
				CLANG_WARN_OBJC_IMPLICIT_RETAIN_SELF = YES;
				CLANG_WARN_OBJC_LITERAL_CONVERSION = YES;
				CLANG_WARN_OBJC_ROOT_CLASS = YES_ERROR;
				CLANG_WARN_RANGE_LOOP_ANALYSIS = YES;
				CLANG_WARN_STRICT_PROTOTYPES = YES;
				CLANG_WARN_SUSPICIOUS_MOVE = YES;
				CLANG_WARN_UNGUARDED_AVAILABILITY = YES_AGGRESSIVE;
				CLANG_WARN_UNREACHABLE_CODE = YES;
				CLANG_WARN__DUPLICATE_METHOD_MATCH = YES;
				CODE_SIGN_IDENTITY = "-";
				COPY_PHASE_STRIP = NO;
				DEBUG_INFORMATION_FORMAT = "dwarf-with-dsym";
				ENABLE_NS_ASSERTIONS = NO;
				ENABLE_STRICT_OBJC_MSGSEND = YES;
				GCC_C_LANGUAGE_STANDARD = gnu11;
				GCC_NO_COMMON_BLOCKS = YES;
				GCC_WARN_64_TO_32_BIT_CONVERSION = YES;
				GCC_WARN_ABOUT_RETURN_TYPE = YES_ERROR;
				GCC_WARN_UNDECLARED_SELECTOR = YES;
				GCC_WARN_UNINITIALIZED_AUTOS = YES_AGGRESSIVE;
				GCC_WARN_UNUSED_FUNCTION = YES;
				GCC_WARN_UNUSED_VARIABLE = YES;
				MACOSX_DEPLOYMENT_TARGET = 10.14;
				MTL_ENABLE_DEBUG_INFO = NO;
				MTL_FAST_MATH = YES;
				SDKROOT = macosx;
			};
			name = Release;
		};
		509333F821A451E700D77723 /* Debug */ = {
			isa = XCBuildConfiguration;
			buildSettings = {
				ASSETCATALOG_COMPILER_APPICON_NAME = AppIcon;
				CODE_SIGN_ENTITLEMENTS = LearnGitDome/LearnGitDome.entitlements;
				CODE_SIGN_STYLE = Automatic;
				COMBINE_HIDPI_IMAGES = YES;
				INFOPLIST_FILE = LearnGitDome/Info.plist;
				LD_RUNPATH_SEARCH_PATHS = (
					"$(inherited)",
					"@executable_path/../Frameworks",
				);
				PRODUCT_BUNDLE_IDENTIFIER = max.LearnGitDome;
				PRODUCT_NAME = "$(TARGET_NAME)";
			};
			name = Debug;
		};
		509333F921A451E700D77723 /* Release */ = {
			isa = XCBuildConfiguration;
			buildSettings = {
				ASSETCATALOG_COMPILER_APPICON_NAME = AppIcon;
				CODE_SIGN_ENTITLEMENTS = LearnGitDome/LearnGitDome.entitlements;
				CODE_SIGN_STYLE = Automatic;
				COMBINE_HIDPI_IMAGES = YES;
				INFOPLIST_FILE = LearnGitDome/Info.plist;
				LD_RUNPATH_SEARCH_PATHS = (
					"$(inherited)",
					"@executable_path/../Frameworks",
				);
				PRODUCT_BUNDLE_IDENTIFIER = max.LearnGitDome;
				PRODUCT_NAME = "$(TARGET_NAME)";
			};
			name = Release;
		};
		509333FB21A451E700D77723 /* Debug */ = {
			isa = XCBuildConfiguration;
			buildSettings = {
				BUNDLE_LOADER = "$(TEST_HOST)";
				CODE_SIGN_STYLE = Automatic;
				COMBINE_HIDPI_IMAGES = YES;
				INFOPLIST_FILE = LearnGitDomeTests/Info.plist;
				LD_RUNPATH_SEARCH_PATHS = (
					"$(inherited)",
					"@executable_path/../Frameworks",
					"@loader_path/../Frameworks",
				);
				PRODUCT_BUNDLE_IDENTIFIER = max.LearnGitDomeTests;
				PRODUCT_NAME = "$(TARGET_NAME)";
				TEST_HOST = "$(BUILT_PRODUCTS_DIR)/LearnGitDome.app/Contents/MacOS/LearnGitDome";
			};
			name = Debug;
		};
		509333FC21A451E700D77723 /* Release */ = {
			isa = XCBuildConfiguration;
			buildSettings = {
				BUNDLE_LOADER = "$(TEST_HOST)";
				CODE_SIGN_STYLE = Automatic;
				COMBINE_HIDPI_IMAGES = YES;
				INFOPLIST_FILE = LearnGitDomeTests/Info.plist;
				LD_RUNPATH_SEARCH_PATHS = (
					"$(inherited)",
					"@executable_path/../Frameworks",
					"@loader_path/../Frameworks",
				);
				PRODUCT_BUNDLE_IDENTIFIER = max.LearnGitDomeTests;
				PRODUCT_NAME = "$(TARGET_NAME)";
				TEST_HOST = "$(BUILT_PRODUCTS_DIR)/LearnGitDome.app/Contents/MacOS/LearnGitDome";
			};
			name = Release;
		};
		509333FE21A451E700D77723 /* Debug */ = {
			isa = XCBuildConfiguration;
			buildSettings = {
				CODE_SIGN_STYLE = Automatic;
				COMBINE_HIDPI_IMAGES = YES;
				INFOPLIST_FILE = LearnGitDomeUITests/Info.plist;
				LD_RUNPATH_SEARCH_PATHS = (
					"$(inherited)",
					"@executable_path/../Frameworks",
					"@loader_path/../Frameworks",
				);
				PRODUCT_BUNDLE_IDENTIFIER = max.LearnGitDomeUITests;
				PRODUCT_NAME = "$(TARGET_NAME)";
				TEST_TARGET_NAME = LearnGitDome;
			};
			name = Debug;
		};
		509333FF21A451E700D77723 /* Release */ = {
			isa = XCBuildConfiguration;
			buildSettings = {
				CODE_SIGN_STYLE = Automatic;
				COMBINE_HIDPI_IMAGES = YES;
				INFOPLIST_FILE = LearnGitDomeUITests/Info.plist;
				LD_RUNPATH_SEARCH_PATHS = (
					"$(inherited)",
					"@executable_path/../Frameworks",
					"@loader_path/../Frameworks",
				);
				PRODUCT_BUNDLE_IDENTIFIER = max.LearnGitDomeUITests;
				PRODUCT_NAME = "$(TARGET_NAME)";
				TEST_TARGET_NAME = LearnGitDome;
			};
			name = Release;
		};
/* End XCBuildConfiguration section */

/* Begin XCConfigurationList section */
		509333C821A451E200D77723 /* Build configuration list for PBXProject "LearnGitDome" */ = {
			isa = XCConfigurationList;
			buildConfigurations = (
				509333F521A451E700D77723 /* Debug */,
				509333F621A451E700D77723 /* Release */,
			);
			defaultConfigurationIsVisible = 0;
			defaultConfigurationName = Release;
		};
		509333F721A451E700D77723 /* Build configuration list for PBXNativeTarget "LearnGitDome" */ = {
			isa = XCConfigurationList;
			buildConfigurations = (
				509333F821A451E700D77723 /* Debug */,
				509333F921A451E700D77723 /* Release */,
			);
			defaultConfigurationIsVisible = 0;
			defaultConfigurationName = Release;
		};
		509333FA21A451E700D77723 /* Build configuration list for PBXNativeTarget "LearnGitDomeTests" */ = {
			isa = XCConfigurationList;
			buildConfigurations = (
				509333FB21A451E700D77723 /* Debug */,
				509333FC21A451E700D77723 /* Release */,
			);
			defaultConfigurationIsVisible = 0;
			defaultConfigurationName = Release;
		};
		509333FD21A451E700D77723 /* Build configuration list for PBXNativeTarget "LearnGitDomeUITests" */ = {
			isa = XCConfigurationList;
			buildConfigurations = (
				509333FE21A451E700D77723 /* Debug */,
				509333FF21A451E700D77723 /* Release */,
			);
			defaultConfigurationIsVisible = 0;
			defaultConfigurationName = Release;
		};
/* End XCConfigurationList section */
	};
	rootObject = 509333C521A451E200D77723 /* Project object */;
}
